// !$*UTF8*$!
{
	archiveVersion = 1;
	classes = {
	};
	objectVersion = 55;
	objects = {

/* Begin PBXBuildFile section */
		9B35933A2B212FBB006D8BCD /* Person.swift in Sources */ = {isa = PBXBuildFile; fileRef = 9B3593392B212FBB006D8BCD /* Person.swift */; };
		9B35933C2B212FD1006D8BCD /* Project.swift in Sources */ = {isa = PBXBuildFile; fileRef = 9B35933B2B212FD1006D8BCD /* Project.swift */; };
		9B35933E2B213058006D8BCD /* SocialMedia.swift in Sources */ = {isa = PBXBuildFile; fileRef = 9B35933D2B213058006D8BCD /* SocialMedia.swift */; };
		9B3593402B21392C006D8BCD /* PersonProfilePicture.swift in Sources */ = {isa = PBXBuildFile; fileRef = 9B35933F2B21392C006D8BCD /* PersonProfilePicture.swift */; };
		9B6519B02B1FE19000EA6AE1 /* ProyectoApp.swift in Sources */ = {isa = PBXBuildFile; fileRef = 9B6519AF2B1FE19000EA6AE1 /* ProyectoApp.swift */; };
		9B6519B22B1FE19000EA6AE1 /* ContentView.swift in Sources */ = {isa = PBXBuildFile; fileRef = 9B6519B12B1FE19000EA6AE1 /* ContentView.swift */; };
		9B6519B42B1FE19200EA6AE1 /* Assets.xcassets in Resources */ = {isa = PBXBuildFile; fileRef = 9B6519B32B1FE19200EA6AE1 /* Assets.xcassets */; };
		9B6519B72B1FE19200EA6AE1 /* Preview Assets.xcassets in Resources */ = {isa = PBXBuildFile; fileRef = 9B6519B62B1FE19200EA6AE1 /* Preview Assets.xcassets */; };
		9B6519BF2B1FEB2100EA6AE1 /* MoreMoreJump.swift in Sources */ = {isa = PBXBuildFile; fileRef = 9B6519BE2B1FEB2100EA6AE1 /* MoreMoreJump.swift */; };
		9B8FF4FA2B227E0E004B9ED9 /* ProfileDescription.swift in Sources */ = {isa = PBXBuildFile; fileRef = 9B8FF4F92B227E0E004B9ED9 /* ProfileDescription.swift */; };
		9B8FF4FC2B228AB7004B9ED9 /* ProfileNavigation.swift in Sources */ = {isa = PBXBuildFile; fileRef = 9B8FF4FB2B228AB7004B9ED9 /* ProfileNavigation.swift */; };
		9B8FF4FE2B228C1B004B9ED9 /* ProjectDetailView.swift in Sources */ = {isa = PBXBuildFile; fileRef = 9B8FF4FD2B228C1B004B9ED9 /* ProjectDetailView.swift */; };
		9B8FF5022B229320004B9ED9 /* MySocialMedia.swift in Sources */ = {isa = PBXBuildFile; fileRef = 9B8FF5012B229320004B9ED9 /* MySocialMedia.swift */; };
		9BDAC3922B23D34D00BB45AF /* PhotosCarousel.swift in Sources */ = {isa = PBXBuildFile; fileRef = 9BDAC3912B23D34D00BB45AF /* PhotosCarousel.swift */; };
		9BDAC3962B23DF0800BB45AF /* ProjectsList.swift in Sources */ = {isa = PBXBuildFile; fileRef = 9BDAC3952B23DF0800BB45AF /* ProjectsList.swift */; };
		9BDAC3982B23E9BF00BB45AF /* StringCleaning.swift in Sources */ = {isa = PBXBuildFile; fileRef = 9BDAC3972B23E9BF00BB45AF /* StringCleaning.swift */; };
/* End PBXBuildFile section */

/* Begin PBXFileReference section */
		9B3593392B212FBB006D8BCD /* Person.swift */ = {isa = PBXFileReference; lastKnownFileType = sourcecode.swift; path = Person.swift; sourceTree = "<group>"; };
		9B35933B2B212FD1006D8BCD /* Project.swift */ = {isa = PBXFileReference; lastKnownFileType = sourcecode.swift; path = Project.swift; sourceTree = "<group>"; };
		9B35933D2B213058006D8BCD /* SocialMedia.swift */ = {isa = PBXFileReference; lastKnownFileType = sourcecode.swift; path = SocialMedia.swift; sourceTree = "<group>"; };
		9B35933F2B21392C006D8BCD /* PersonProfilePicture.swift */ = {isa = PBXFileReference; lastKnownFileType = sourcecode.swift; path = PersonProfilePicture.swift; sourceTree = "<group>"; };
		9B6519AC2B1FE19000EA6AE1 /* Proyecto.app */ = {isa = PBXFileReference; explicitFileType = wrapper.application; includeInIndex = 0; path = Proyecto.app; sourceTree = BUILT_PRODUCTS_DIR; };
		9B6519AF2B1FE19000EA6AE1 /* ProyectoApp.swift */ = {isa = PBXFileReference; lastKnownFileType = sourcecode.swift; path = ProyectoApp.swift; sourceTree = "<group>"; };
		9B6519B12B1FE19000EA6AE1 /* ContentView.swift */ = {isa = PBXFileReference; lastKnownFileType = sourcecode.swift; path = ContentView.swift; sourceTree = "<group>"; };
		9B6519B32B1FE19200EA6AE1 /* Assets.xcassets */ = {isa = PBXFileReference; lastKnownFileType = folder.assetcatalog; path = Assets.xcassets; sourceTree = "<group>"; };
		9B6519B62B1FE19200EA6AE1 /* Preview Assets.xcassets */ = {isa = PBXFileReference; lastKnownFileType = folder.assetcatalog; path = "Preview Assets.xcassets"; sourceTree = "<group>"; };
		9B6519BE2B1FEB2100EA6AE1 /* MoreMoreJump.swift */ = {isa = PBXFileReference; lastKnownFileType = sourcecode.swift; path = MoreMoreJump.swift; sourceTree = "<group>"; };
		9B8FF4F92B227E0E004B9ED9 /* ProfileDescription.swift */ = {isa = PBXFileReference; lastKnownFileType = sourcecode.swift; path = ProfileDescription.swift; sourceTree = "<group>"; };
		9B8FF4FB2B228AB7004B9ED9 /* ProfileNavigation.swift */ = {isa = PBXFileReference; lastKnownFileType = sourcecode.swift; path = ProfileNavigation.swift; sourceTree = "<group>"; };
		9B8FF4FD2B228C1B004B9ED9 /* ProjectDetailView.swift */ = {isa = PBXFileReference; lastKnownFileType = sourcecode.swift; path = ProjectDetailView.swift; sourceTree = "<group>"; };
		9B8FF5012B229320004B9ED9 /* MySocialMedia.swift */ = {isa = PBXFileReference; lastKnownFileType = sourcecode.swift; path = MySocialMedia.swift; sourceTree = "<group>"; };
		9BDAC3912B23D34D00BB45AF /* PhotosCarousel.swift */ = {isa = PBXFileReference; lastKnownFileType = sourcecode.swift; path = PhotosCarousel.swift; sourceTree = "<group>"; };
		9BDAC3952B23DF0800BB45AF /* ProjectsList.swift */ = {isa = PBXFileReference; lastKnownFileType = sourcecode.swift; path = ProjectsList.swift; sourceTree = "<group>"; };
		9BDAC3972B23E9BF00BB45AF /* StringCleaning.swift */ = {isa = PBXFileReference; lastKnownFileType = sourcecode.swift; path = StringCleaning.swift; sourceTree = "<group>"; };
/* End PBXFileReference section */

/* Begin PBXFrameworksBuildPhase section */
		9B6519A92B1FE19000EA6AE1 /* Frameworks */ = {
			isa = PBXFrameworksBuildPhase;
			buildActionMask = 2147483647;
			files = (
			);
			runOnlyForDeploymentPostprocessing = 0;
		};
/* End PBXFrameworksBuildPhase section */

/* Begin PBXGroup section */
		9B3593382B212F7F006D8BCD /* Model */ = {
			isa = PBXGroup;
			children = (
				9B3593392B212FBB006D8BCD /* Person.swift */,
				9B35933B2B212FD1006D8BCD /* Project.swift */,
				9B35933D2B213058006D8BCD /* SocialMedia.swift */,
				9BDAC3972B23E9BF00BB45AF /* StringCleaning.swift */,
			);
			path = Model;
			sourceTree = "<group>";
		};
		9B6519A32B1FE19000EA6AE1 = {
			isa = PBXGroup;
			children = (
				9B6519AE2B1FE19000EA6AE1 /* Proyecto */,
				9B6519AD2B1FE19000EA6AE1 /* Products */,
			);
			sourceTree = "<group>";
		};
		9B6519AD2B1FE19000EA6AE1 /* Products */ = {
			isa = PBXGroup;
			children = (
				9B6519AC2B1FE19000EA6AE1 /* Proyecto.app */,
			);
			name = Products;
			sourceTree = "<group>";
		};
		9B6519AE2B1FE19000EA6AE1 /* Proyecto */ = {
			isa = PBXGroup;
			children = (
				9B3593382B212F7F006D8BCD /* Model */,
				9B6519BD2B1FEA2200EA6AE1 /* Views */,
				9B6519AF2B1FE19000EA6AE1 /* ProyectoApp.swift */,
				9B6519B12B1FE19000EA6AE1 /* ContentView.swift */,
				9B6519B32B1FE19200EA6AE1 /* Assets.xcassets */,
				9B6519B52B1FE19200EA6AE1 /* Preview Content */,
			);
			path = Proyecto;
			sourceTree = "<group>";
		};
		9B6519B52B1FE19200EA6AE1 /* Preview Content */ = {
			isa = PBXGroup;
			children = (
				9B6519B62B1FE19200EA6AE1 /* Preview Assets.xcassets */,
			);
			path = "Preview Content";
			sourceTree = "<group>";
		};
		9B6519BD2B1FEA2200EA6AE1 /* Views */ = {
			isa = PBXGroup;
			children = (
				9B6519BE2B1FEB2100EA6AE1 /* MoreMoreJump.swift */,
				9B35933F2B21392C006D8BCD /* PersonProfilePicture.swift */,
				9B8FF4F92B227E0E004B9ED9 /* ProfileDescription.swift */,
				9B8FF4FB2B228AB7004B9ED9 /* ProfileNavigation.swift */,
				9B8FF4FD2B228C1B004B9ED9 /* ProjectDetailView.swift */,
				9B8FF5012B229320004B9ED9 /* MySocialMedia.swift */,
				9BDAC3912B23D34D00BB45AF /* PhotosCarousel.swift */,
				9BDAC3952B23DF0800BB45AF /* ProjectsList.swift */,
			);
			path = Views;
			sourceTree = "<group>";
		};
/* End PBXGroup section */

/* Begin PBXNativeTarget section */
		9B6519AB2B1FE19000EA6AE1 /* Proyecto */ = {
			isa = PBXNativeTarget;
			buildConfigurationList = 9B6519BA2B1FE19200EA6AE1 /* Build configuration list for PBXNativeTarget "Proyecto" */;
			buildPhases = (
				9B6519A82B1FE19000EA6AE1 /* Sources */,
				9B6519A92B1FE19000EA6AE1 /* Frameworks */,
				9B6519AA2B1FE19000EA6AE1 /* Resources */,
			);
			buildRules = (
			);
			dependencies = (
			);
			name = Proyecto;
			productName = Proyecto;
			productReference = 9B6519AC2B1FE19000EA6AE1 /* Proyecto.app */;
			productType = "com.apple.product-type.application";
		};
/* End PBXNativeTarget section */

/* Begin PBXProject section */
		9B6519A42B1FE19000EA6AE1 /* Project object */ = {
			isa = PBXProject;
			attributes = {
				BuildIndependentTargetsInParallel = 1;
				LastSwiftUpdateCheck = 1340;
				LastUpgradeCheck = 1340;
				TargetAttributes = {
					9B6519AB2B1FE19000EA6AE1 = {
						CreatedOnToolsVersion = 13.4.1;
					};
				};
			};
			buildConfigurationList = 9B6519A72B1FE19000EA6AE1 /* Build configuration list for PBXProject "Proyecto" */;
			compatibilityVersion = "Xcode 13.0";
			developmentRegion = en;
			hasScannedForEncodings = 0;
			knownRegions = (
				en,
				Base,
			);
			mainGroup = 9B6519A32B1FE19000EA6AE1;
			productRefGroup = 9B6519AD2B1FE19000EA6AE1 /* Products */;
			projectDirPath = "";
			projectRoot = "";
			targets = (
				9B6519AB2B1FE19000EA6AE1 /* Proyecto */,
			);
		};
/* End PBXProject section */

/* Begin PBXResourcesBuildPhase section */
		9B6519AA2B1FE19000EA6AE1 /* Resources */ = {
			isa = PBXResourcesBuildPhase;
			buildActionMask = 2147483647;
			files = (
				9B6519B72B1FE19200EA6AE1 /* Preview Assets.xcassets in Resources */,
				9B6519B42B1FE19200EA6AE1 /* Assets.xcassets in Resources */,
			);
			runOnlyForDeploymentPostprocessing = 0;
		};
/* End PBXResourcesBuildPhase section */

/* Begin PBXSourcesBuildPhase section */
		9B6519A82B1FE19000EA6AE1 /* Sources */ = {
			isa = PBXSourcesBuildPhase;
			buildActionMask = 2147483647;
			files = (
				9B8FF4FA2B227E0E004B9ED9 /* ProfileDescription.swift in Sources */,
				9B6519B22B1FE19000EA6AE1 /* ContentView.swift in Sources */,
				9B6519B02B1FE19000EA6AE1 /* ProyectoApp.swift in Sources */,
				9B35933C2B212FD1006D8BCD /* Project.swift in Sources */,
				9B35933E2B213058006D8BCD /* SocialMedia.swift in Sources */,
				9B3593402B21392C006D8BCD /* PersonProfilePicture.swift in Sources */,
				9BDAC3962B23DF0800BB45AF /* ProjectsList.swift in Sources */,
				9BDAC3922B23D34D00BB45AF /* PhotosCarousel.swift in Sources */,
				9B8FF5022B229320004B9ED9 /* MySocialMedia.swift in Sources */,
				9B8FF4FC2B228AB7004B9ED9 /* ProfileNavigation.swift in Sources */,
				9B8FF4FE2B228C1B004B9ED9 /* ProjectDetailView.swift in Sources */,
				9B35933A2B212FBB006D8BCD /* Person.swift in Sources */,
				9B6519BF2B1FEB2100EA6AE1 /* MoreMoreJump.swift in Sources */,
				9BDAC3982B23E9BF00BB45AF /* StringCleaning.swift in Sources */,
			);
			runOnlyForDeploymentPostprocessing = 0;
		};
/* End PBXSourcesBuildPhase section */

/* Begin XCBuildConfiguration section */
		9B6519B82B1FE19200EA6AE1 /* Debug */ = {
			isa = XCBuildConfiguration;
			buildSettings = {
				ALWAYS_SEARCH_USER_PATHS = NO;
				CLANG_ANALYZER_NONNULL = YES;
				CLANG_ANALYZER_NUMBER_OBJECT_CONVERSION = YES_AGGRESSIVE;
				CLANG_CXX_LANGUAGE_STANDARD = "gnu++17";
				CLANG_ENABLE_MODULES = YES;
				CLANG_ENABLE_OBJC_ARC = YES;
				CLANG_ENABLE_OBJC_WEAK = YES;
				CLANG_WARN_BLOCK_CAPTURE_AUTORELEASING = YES;
				CLANG_WARN_BOOL_CONVERSION = YES;
				CLANG_WARN_COMMA = YES;
				CLANG_WARN_CONSTANT_CONVERSION = YES;
				CLANG_WARN_DEPRECATED_OBJC_IMPLEMENTATIONS = YES;
				CLANG_WARN_DIRECT_OBJC_ISA_USAGE = YES_ERROR;
				CLANG_WARN_DOCUMENTATION_COMMENTS = YES;
				CLANG_WARN_EMPTY_BODY = YES;
				CLANG_WARN_ENUM_CONVERSION = YES;
				CLANG_WARN_INFINITE_RECURSION = YES;
				CLANG_WARN_INT_CONVERSION = YES;
				CLANG_WARN_NON_LITERAL_NULL_CONVERSION = YES;
				CLANG_WARN_OBJC_IMPLICIT_RETAIN_SELF = YES;
				CLANG_WARN_OBJC_LITERAL_CONVERSION = YES;
				CLANG_WARN_OBJC_ROOT_CLASS = YES_ERROR;
				CLANG_WARN_QUOTED_INCLUDE_IN_FRAMEWORK_HEADER = YES;
				CLANG_WARN_RANGE_LOOP_ANALYSIS = YES;
				CLANG_WARN_STRICT_PROTOTYPES = YES;
				CLANG_WARN_SUSPICIOUS_MOVE = YES;
				CLANG_WARN_UNGUARDED_AVAILABILITY = YES_AGGRESSIVE;
				CLANG_WARN_UNREACHABLE_CODE = YES;
				CLANG_WARN__DUPLICATE_METHOD_MATCH = YES;
				COPY_PHASE_STRIP = NO;
				DEBUG_INFORMATION_FORMAT = dwarf;
				ENABLE_STRICT_OBJC_MSGSEND = YES;
				ENABLE_TESTABILITY = YES;
				GCC_C_LANGUAGE_STANDARD = gnu11;
				GCC_DYNAMIC_NO_PIC = NO;
				GCC_NO_COMMON_BLOCKS = YES;
				GCC_OPTIMIZATION_LEVEL = 0;
				GCC_PREPROCESSOR_DEFINITIONS = (
					"DEBUG=1",
					"$(inherited)",
				);
				GCC_WARN_64_TO_32_BIT_CONVERSION = YES;
				GCC_WARN_ABOUT_RETURN_TYPE = YES_ERROR;
				GCC_WARN_UNDECLARED_SELECTOR = YES;
				GCC_WARN_UNINITIALIZED_AUTOS = YES_AGGRESSIVE;
				GCC_WARN_UNUSED_FUNCTION = YES;
				GCC_WARN_UNUSED_VARIABLE = YES;
				IPHONEOS_DEPLOYMENT_TARGET = 15.5;
				MTL_ENABLE_DEBUG_INFO = INCLUDE_SOURCE;
				MTL_FAST_MATH = YES;
				ONLY_ACTIVE_ARCH = YES;
				SDKROOT = iphoneos;
				SWIFT_ACTIVE_COMPILATION_CONDITIONS = DEBUG;
				SWIFT_OPTIMIZATION_LEVEL = "-Onone";
			};
			name = Debug;
		};
		9B6519B92B1FE19200EA6AE1 /* Release */ = {
			isa = XCBuildConfiguration;
			buildSettings = {
				ALWAYS_SEARCH_USER_PATHS = NO;
				CLANG_ANALYZER_NONNULL = YES;
				CLANG_ANALYZER_NUMBER_OBJECT_CONVERSION = YES_AGGRESSIVE;
				CLANG_CXX_LANGUAGE_STANDARD = "gnu++17";
				CLANG_ENABLE_MODULES = YES;
				CLANG_ENABLE_OBJC_ARC = YES;
				CLANG_ENABLE_OBJC_WEAK = YES;
				CLANG_WARN_BLOCK_CAPTURE_AUTORELEASING = YES;
				CLANG_WARN_BOOL_CONVERSION = YES;
				CLANG_WARN_COMMA = YES;
				CLANG_WARN_CONSTANT_CONVERSION = YES;
				CLANG_WARN_DEPRECATED_OBJC_IMPLEMENTATIONS = YES;
				CLANG_WARN_DIRECT_OBJC_ISA_USAGE = YES_ERROR;
				CLANG_WARN_DOCUMENTATION_COMMENTS = YES;
				CLANG_WARN_EMPTY_BODY = YES;
				CLANG_WARN_ENUM_CONVERSION = YES;
				CLANG_WARN_INFINITE_RECURSION = YES;
				CLANG_WARN_INT_CONVERSION = YES;
				CLANG_WARN_NON_LITERAL_NULL_CONVERSION = YES;
				CLANG_WARN_OBJC_IMPLICIT_RETAIN_SELF = YES;
				CLANG_WARN_OBJC_LITERAL_CONVERSION = YES;
				CLANG_WARN_OBJC_ROOT_CLASS = YES_ERROR;
				CLANG_WARN_QUOTED_INCLUDE_IN_FRAMEWORK_HEADER = YES;
				CLANG_WARN_RANGE_LOOP_ANALYSIS = YES;
				CLANG_WARN_STRICT_PROTOTYPES = YES;
				CLANG_WARN_SUSPICIOUS_MOVE = YES;
				CLANG_WARN_UNGUARDED_AVAILABILITY = YES_AGGRESSIVE;
				CLANG_WARN_UNREACHABLE_CODE = YES;
				CLANG_WARN__DUPLICATE_METHOD_MATCH = YES;
				COPY_PHASE_STRIP = NO;
				DEBUG_INFORMATION_FORMAT = "dwarf-with-dsym";
				ENABLE_NS_ASSERTIONS = NO;
				ENABLE_STRICT_OBJC_MSGSEND = YES;
				GCC_C_LANGUAGE_STANDARD = gnu11;
				GCC_NO_COMMON_BLOCKS = YES;
				GCC_WARN_64_TO_32_BIT_CONVERSION = YES;
				GCC_WARN_ABOUT_RETURN_TYPE = YES_ERROR;
				GCC_WARN_UNDECLARED_SELECTOR = YES;
				GCC_WARN_UNINITIALIZED_AUTOS = YES_AGGRESSIVE;
				GCC_WARN_UNUSED_FUNCTION = YES;
				GCC_WARN_UNUSED_VARIABLE = YES;
				IPHONEOS_DEPLOYMENT_TARGET = 15.5;
				MTL_ENABLE_DEBUG_INFO = NO;
				MTL_FAST_MATH = YES;
				SDKROOT = iphoneos;
				SWIFT_COMPILATION_MODE = wholemodule;
				SWIFT_OPTIMIZATION_LEVEL = "-O";
				VALIDATE_PRODUCT = YES;
			};
			name = Release;
		};
		9B6519BB2B1FE19200EA6AE1 /* Debug */ = {
			isa = XCBuildConfiguration;
			buildSettings = {
				ASSETCATALOG_COMPILER_APPICON_NAME = AppIcon;
				ASSETCATALOG_COMPILER_GLOBAL_ACCENT_COLOR_NAME = AccentColor;
				CODE_SIGN_STYLE = Automatic;
				CURRENT_PROJECT_VERSION = 1;
				DEVELOPMENT_ASSET_PATHS = "\"Proyecto/Preview Content\"";
				ENABLE_PREVIEWS = YES;
				GENERATE_INFOPLIST_FILE = YES;
				INFOPLIST_KEY_UIApplicationSceneManifest_Generation = YES;
				INFOPLIST_KEY_UIApplicationSupportsIndirectInputEvents = YES;
				INFOPLIST_KEY_UILaunchScreen_Generation = YES;
				INFOPLIST_KEY_UISupportedInterfaceOrientations_iPad = "UIInterfaceOrientationPortrait UIInterfaceOrientationPortraitUpsideDown UIInterfaceOrientationLandscapeLeft UIInterfaceOrientationLandscapeRight";
				INFOPLIST_KEY_UISupportedInterfaceOrientations_iPhone = "UIInterfaceOrientationPortrait UIInterfaceOrientationLandscapeLeft UIInterfaceOrientationLandscapeRight";
				LD_RUNPATH_SEARCH_PATHS = (
					"$(inherited)",
					"@executable_path/Frameworks",
				);
				MARKETING_VERSION = 1.0;
				PRODUCT_BUNDLE_IDENTIFIER = com.vale.Proyecto;
				PRODUCT_NAME = "$(TARGET_NAME)";
				SWIFT_EMIT_LOC_STRINGS = YES;
				SWIFT_VERSION = 5.0;
				TARGETED_DEVICE_FAMILY = "1,2";
			};
			name = Debug;
		};
		9B6519BC2B1FE19200EA6AE1 /* Release */ = {
			isa = XCBuildConfiguration;
			buildSettings = {
				ASSETCATALOG_COMPILER_APPICON_NAME = AppIcon;
				ASSETCATALOG_COMPILER_GLOBAL_ACCENT_COLOR_NAME = AccentColor;
				CODE_SIGN_STYLE = Automatic;
				CURRENT_PROJECT_VERSION = 1;
				DEVELOPMENT_ASSET_PATHS = "\"Proyecto/Preview Content\"";
				ENABLE_PREVIEWS = YES;
				GENERATE_INFOPLIST_FILE = YES;
				INFOPLIST_KEY_UIApplicationSceneManifest_Generation = YES;
				INFOPLIST_KEY_UIApplicationSupportsIndirectInputEvents = YES;
				INFOPLIST_KEY_UILaunchScreen_Generation = YES;
				INFOPLIST_KEY_UISupportedInterfaceOrientations_iPad = "UIInterfaceOrientationPortrait UIInterfaceOrientationPortraitUpsideDown UIInterfaceOrientationLandscapeLeft UIInterfaceOrientationLandscapeRight";
				INFOPLIST_KEY_UISupportedInterfaceOrientations_iPhone = "UIInterfaceOrientationPortrait UIInterfaceOrientationLandscapeLeft UIInterfaceOrientationLandscapeRight";
				LD_RUNPATH_SEARCH_PATHS = (
					"$(inherited)",
					"@executable_path/Frameworks",
				);
				MARKETING_VERSION = 1.0;
				PRODUCT_BUNDLE_IDENTIFIER = com.vale.Proyecto;
				PRODUCT_NAME = "$(TARGET_NAME)";
				SWIFT_EMIT_LOC_STRINGS = YES;
				SWIFT_VERSION = 5.0;
				TARGETED_DEVICE_FAMILY = "1,2";
			};
			name = Release;
		};
/* End XCBuildConfiguration section */

/* Begin XCConfigurationList section */
		9B6519A72B1FE19000EA6AE1 /* Build configuration list for PBXProject "Proyecto" */ = {
			isa = XCConfigurationList;
			buildConfigurations = (
				9B6519B82B1FE19200EA6AE1 /* Debug */,
				9B6519B92B1FE19200EA6AE1 /* Release */,
			);
			defaultConfigurationIsVisible = 0;
			defaultConfigurationName = Release;
		};
		9B6519BA2B1FE19200EA6AE1 /* Build configuration list for PBXNativeTarget "Proyecto" */ = {
			isa = XCConfigurationList;
			buildConfigurations = (
				9B6519BB2B1FE19200EA6AE1 /* Debug */,
				9B6519BC2B1FE19200EA6AE1 /* Release */,
			);
			defaultConfigurationIsVisible = 0;
			defaultConfigurationName = Release;
		};
/* End XCConfigurationList section */
	};
	rootObject = 9B6519A42B1FE19000EA6AE1 /* Project object */;
}
